
Microsoft Visual Studio Solution File, Format Version 12.00
# Visual Studio Version 17
VisualStudioVersion = 17.4.33122.133
MinimumVisualStudioVersion = 10.0.40219.1
Project("{9A19103F-16F7-4668-BE54-9A1E7A4F7556}") = "testcmd", "testcmd\testcmd.csproj", "{ADB58362-F942-46FC-AB40-585EF6C64FF1}"
EndProject
Global
	GlobalSection(SolutionConfigurationPlatforms) = preSolution
		Debug|Any CPU = Debug|Any CPU
		Release|Any CPU = Release|Any CPU
	EndGlobalSection
	GlobalSection(ProjectConfigurationPlatforms) = postSolution
		{ADB58362-F942-46FC-AB40-585EF6C64FF1}.Debug|Any CPU.ActiveCfg = Debug|Any CPU
		{ADB58362-F942-46FC-AB40-585EF6C64FF1}.Debug|Any CPU.Build.0 = Debug|Any CPU
		{ADB58362-F942-46FC-AB40-585EF6C64FF1}.Release|Any CPU.ActiveCfg = Release|Any CPU
		{ADB58362-F942-46FC-AB40-585EF6C64FF1}.Release|Any CPU.Build.0 = Release|Any CPU
	EndGlobalSection
	GlobalSection(SolutionProperties) = preSolution
		HideSolutionNode = FALSE
	EndGlobalSection
	GlobalSection(ExtensibilityGlobals) = postSolution
		SolutionGuid = {953A2132-EC4F-4C95-9513-28CE9C909DDE}
	EndGlobalSection
EndGlobal
